// !$*UTF8*$!
{
	archiveVersion = 1;
	classes = {
	};
	objectVersion = 50;
	objects = {

/* Begin PBXBuildFile section */
		CEDD9A5E211BD35B00CBCD4A /* AppDelegate.swift in Sources */ = {isa = PBXBuildFile; fileRef = CEDD9A5D211BD35B00CBCD4A /* AppDelegate.swift */; };
		CEDD9A60211BD35B00CBCD4A /* ViewController.swift in Sources */ = {isa = PBXBuildFile; fileRef = CEDD9A5F211BD35B00CBCD4A /* ViewController.swift */; };
		CEDD9A63211BD35B00CBCD4A /* Main.storyboard in Resources */ = {isa = PBXBuildFile; fileRef = CEDD9A61211BD35B00CBCD4A /* Main.storyboard */; };
		CEDD9A65211BD35C00CBCD4A /* Assets.xcassets in Resources */ = {isa = PBXBuildFile; fileRef = CEDD9A64211BD35C00CBCD4A /* Assets.xcassets */; };
		CEDD9A68211BD35C00CBCD4A /* LaunchScreen.storyboard in Resources */ = {isa = PBXBuildFile; fileRef = CEDD9A66211BD35C00CBCD4A /* LaunchScreen.storyboard */; };
		CEDD9A78211BD62300CBCD4A /* ContentBlockerRequestHandler.swift in Sources */ = {isa = PBXBuildFile; fileRef = CEDD9A77211BD62300CBCD4A /* ContentBlockerRequestHandler.swift */; };
		CEDD9A7C211BD62300CBCD4A /* blocker.appex in Embed App Extensions */ = {isa = PBXBuildFile; fileRef = CEDD9A73211BD62300CBCD4A /* blocker.appex */; settings = {ATTRIBUTES = (RemoveHeadersOnCopy, ); }; };
/* End PBXBuildFile section */

/* Begin PBXContainerItemProxy section */
		CEDD9A7A211BD62300CBCD4A /* PBXContainerItemProxy */ = {
			isa = PBXContainerItemProxy;
			containerPortal = CEDD9A52211BD35B00CBCD4A /* Project object */;
			proxyType = 1;
			remoteGlobalIDString = CEDD9A72211BD62300CBCD4A;
			remoteInfo = blocker;
		};
/* End PBXContainerItemProxy section */

/* Begin PBXCopyFilesBuildPhase section */
		CEDD9A80211BD62300CBCD4A /* Embed App Extensions */ = {
			isa = PBXCopyFilesBuildPhase;
			buildActionMask = 2147483647;
			dstPath = "";
			dstSubfolderSpec = 13;
			files = (
				CEDD9A7C211BD62300CBCD4A /* blocker.appex in Embed App Extensions */,
			);
			name = "Embed App Extensions";
			runOnlyForDeploymentPostprocessing = 0;
		};
/* End PBXCopyFilesBuildPhase section */

/* Begin PBXFileReference section */
		96F9EA272137E52800B18B1F /* blocker.entitlements */ = {isa = PBXFileReference; lastKnownFileType = text.plist.entitlements; path = blocker.entitlements; sourceTree = "<group>"; };
		CEDD9A5A211BD35B00CBCD4A /* ADFilter.app */ = {isa = PBXFileReference; explicitFileType = wrapper.application; includeInIndex = 0; path = ADFilter.app; sourceTree = BUILT_PRODUCTS_DIR; };
		CEDD9A5D211BD35B00CBCD4A /* AppDelegate.swift */ = {isa = PBXFileReference; lastKnownFileType = sourcecode.swift; path = AppDelegate.swift; sourceTree = "<group>"; };
		CEDD9A5F211BD35B00CBCD4A /* ViewController.swift */ = {isa = PBXFileReference; lastKnownFileType = sourcecode.swift; path = ViewController.swift; sourceTree = "<group>"; };
		CEDD9A62211BD35B00CBCD4A /* Base */ = {isa = PBXFileReference; lastKnownFileType = file.storyboard; name = Base; path = Base.lproj/Main.storyboard; sourceTree = "<group>"; };
		CEDD9A64211BD35C00CBCD4A /* Assets.xcassets */ = {isa = PBXFileReference; lastKnownFileType = folder.assetcatalog; path = Assets.xcassets; sourceTree = "<group>"; };
		CEDD9A67211BD35C00CBCD4A /* Base */ = {isa = PBXFileReference; lastKnownFileType = file.storyboard; name = Base; path = Base.lproj/LaunchScreen.storyboard; sourceTree = "<group>"; };
		CEDD9A69211BD35C00CBCD4A /* Info.plist */ = {isa = PBXFileReference; lastKnownFileType = text.plist.xml; path = Info.plist; sourceTree = "<group>"; };
		CEDD9A73211BD62300CBCD4A /* blocker.appex */ = {isa = PBXFileReference; explicitFileType = "wrapper.app-extension"; includeInIndex = 0; path = blocker.appex; sourceTree = BUILT_PRODUCTS_DIR; };
		CEDD9A77211BD62300CBCD4A /* ContentBlockerRequestHandler.swift */ = {isa = PBXFileReference; lastKnownFileType = sourcecode.swift; path = ContentBlockerRequestHandler.swift; sourceTree = "<group>"; };
		CEDD9A79211BD62300CBCD4A /* Info.plist */ = {isa = PBXFileReference; lastKnownFileType = text.plist.xml; path = Info.plist; sourceTree = "<group>"; };
		CEDD9A81211C270400CBCD4A /* ADFilter.entitlements */ = {isa = PBXFileReference; lastKnownFileType = text.plist.entitlements; path = ADFilter.entitlements; sourceTree = "<group>"; };
/* End PBXFileReference section */

/* Begin PBXFrameworksBuildPhase section */
		CEDD9A57211BD35B00CBCD4A /* Frameworks */ = {
			isa = PBXFrameworksBuildPhase;
			buildActionMask = 2147483647;
			files = (
			);
			runOnlyForDeploymentPostprocessing = 0;
		};
		CEDD9A70211BD62300CBCD4A /* Frameworks */ = {
			isa = PBXFrameworksBuildPhase;
			buildActionMask = 2147483647;
			files = (
			);
			runOnlyForDeploymentPostprocessing = 0;
		};
/* End PBXFrameworksBuildPhase section */

/* Begin PBXGroup section */
		CEDD9A51211BD35B00CBCD4A = {
			isa = PBXGroup;
			children = (
				CEDD9A5C211BD35B00CBCD4A /* ADFilter */,
				CEDD9A74211BD62300CBCD4A /* blocker */,
				CEDD9A5B211BD35B00CBCD4A /* Products */,
			);
			sourceTree = "<group>";
		};
		CEDD9A5B211BD35B00CBCD4A /* Products */ = {
			isa = PBXGroup;
			children = (
				CEDD9A5A211BD35B00CBCD4A /* ADFilter.app */,
				CEDD9A73211BD62300CBCD4A /* blocker.appex */,
			);
			name = Products;
			sourceTree = "<group>";
		};
		CEDD9A5C211BD35B00CBCD4A /* ADFilter */ = {
			isa = PBXGroup;
			children = (
				CEDD9A81211C270400CBCD4A /* ADFilter.entitlements */,
				CEDD9A5D211BD35B00CBCD4A /* AppDelegate.swift */,
				CEDD9A5F211BD35B00CBCD4A /* ViewController.swift */,
				CEDD9A61211BD35B00CBCD4A /* Main.storyboard */,
				CEDD9A64211BD35C00CBCD4A /* Assets.xcassets */,
				CEDD9A66211BD35C00CBCD4A /* LaunchScreen.storyboard */,
				CEDD9A69211BD35C00CBCD4A /* Info.plist */,
			);
			path = ADFilter;
			sourceTree = "<group>";
		};
		CEDD9A74211BD62300CBCD4A /* blocker */ = {
			isa = PBXGroup;
			children = (
				96F9EA272137E52800B18B1F /* blocker.entitlements */,
				CEDD9A77211BD62300CBCD4A /* ContentBlockerRequestHandler.swift */,
				CEDD9A79211BD62300CBCD4A /* Info.plist */,
			);
			path = blocker;
			sourceTree = "<group>";
		};
/* End PBXGroup section */

/* Begin PBXNativeTarget section */
		CEDD9A59211BD35B00CBCD4A /* ADFilter */ = {
			isa = PBXNativeTarget;
			buildConfigurationList = CEDD9A6C211BD35C00CBCD4A /* Build configuration list for PBXNativeTarget "ADFilter" */;
			buildPhases = (
				CEDD9A56211BD35B00CBCD4A /* Sources */,
				CEDD9A57211BD35B00CBCD4A /* Frameworks */,
				CEDD9A58211BD35B00CBCD4A /* Resources */,
				CEDD9A80211BD62300CBCD4A /* Embed App Extensions */,
			);
			buildRules = (
			);
			dependencies = (
				CEDD9A7B211BD62300CBCD4A /* PBXTargetDependency */,
			);
			name = ADFilter;
			productName = ADFilter;
			productReference = CEDD9A5A211BD35B00CBCD4A /* ADFilter.app */;
			productType = "com.apple.product-type.application";
		};
		CEDD9A72211BD62300CBCD4A /* blocker */ = {
			isa = PBXNativeTarget;
			buildConfigurationList = CEDD9A7D211BD62300CBCD4A /* Build configuration list for PBXNativeTarget "blocker" */;
			buildPhases = (
				CEDD9A6F211BD62300CBCD4A /* Sources */,
				CEDD9A70211BD62300CBCD4A /* Frameworks */,
				CEDD9A71211BD62300CBCD4A /* Resources */,
			);
			buildRules = (
			);
			dependencies = (
			);
			name = blocker;
			productName = blocker;
			productReference = CEDD9A73211BD62300CBCD4A /* blocker.appex */;
			productType = "com.apple.product-type.app-extension";
		};
/* End PBXNativeTarget section */

/* Begin PBXProject section */
		CEDD9A52211BD35B00CBCD4A /* Project object */ = {
			isa = PBXProject;
			attributes = {
				LastSwiftUpdateCheck = 0940;
				LastUpgradeCheck = 0940;
				ORGANIZATIONNAME = sunsheen;
				TargetAttributes = {
					CEDD9A59211BD35B00CBCD4A = {
						CreatedOnToolsVersion = 9.4.1;
						SystemCapabilities = {
							com.apple.ApplicationGroups.iOS = {
								enabled = 1;
							};
						};
					};
					CEDD9A72211BD62300CBCD4A = {
						CreatedOnToolsVersion = 9.4.1;
						SystemCapabilities = {
							com.apple.ApplicationGroups.iOS = {
								enabled = 1;
							};
						};
					};
				};
			};
			buildConfigurationList = CEDD9A55211BD35B00CBCD4A /* Build configuration list for PBXProject "ADFilter" */;
			compatibilityVersion = "Xcode 9.3";
			developmentRegion = en;
			hasScannedForEncodings = 0;
			knownRegions = (
				en,
				Base,
			);
			mainGroup = CEDD9A51211BD35B00CBCD4A;
			productRefGroup = CEDD9A5B211BD35B00CBCD4A /* Products */;
			projectDirPath = "";
			projectRoot = "";
			targets = (
				CEDD9A59211BD35B00CBCD4A /* ADFilter */,
				CEDD9A72211BD62300CBCD4A /* blocker */,
			);
		};
/* End PBXProject section */

/* Begin PBXResourcesBuildPhase section */
		CEDD9A58211BD35B00CBCD4A /* Resources */ = {
			isa = PBXResourcesBuildPhase;
			buildActionMask = 2147483647;
			files = (
				CEDD9A68211BD35C00CBCD4A /* LaunchScreen.storyboard in Resources */,
				CEDD9A65211BD35C00CBCD4A /* Assets.xcassets in Resources */,
				CEDD9A63211BD35B00CBCD4A /* Main.storyboard in Resources */,
			);
			runOnlyForDeploymentPostprocessing = 0;
		};
		CEDD9A71211BD62300CBCD4A /* Resources */ = {
			isa = PBXResourcesBuildPhase;
			buildActionMask = 2147483647;
			files = (
			);
			runOnlyForDeploymentPostprocessing = 0;
		};
/* End PBXResourcesBuildPhase section */

/* Begin PBXSourcesBuildPhase section */
		CEDD9A56211BD35B00CBCD4A /* Sources */ = {
			isa = PBXSourcesBuildPhase;
			buildActionMask = 2147483647;
			files = (
				CEDD9A60211BD35B00CBCD4A /* ViewController.swift in Sources */,
				CEDD9A5E211BD35B00CBCD4A /* AppDelegate.swift in Sources */,
			);
			runOnlyForDeploymentPostprocessing = 0;
		};
		CEDD9A6F211BD62300CBCD4A /* Sources */ = {
			isa = PBXSourcesBuildPhase;
			buildActionMask = 2147483647;
			files = (
				CEDD9A78211BD62300CBCD4A /* ContentBlockerRequestHandler.swift in Sources */,
			);
			runOnlyForDeploymentPostprocessing = 0;
		};
/* End PBXSourcesBuildPhase section */

/* Begin PBXTargetDependency section */
		CEDD9A7B211BD62300CBCD4A /* PBXTargetDependency */ = {
			isa = PBXTargetDependency;
			target = CEDD9A72211BD62300CBCD4A /* blocker */;
			targetProxy = CEDD9A7A211BD62300CBCD4A /* PBXContainerItemProxy */;
		};
/* End PBXTargetDependency section */

/* Begin PBXVariantGroup section */
		CEDD9A61211BD35B00CBCD4A /* Main.storyboard */ = {
			isa = PBXVariantGroup;
			children = (
				CEDD9A62211BD35B00CBCD4A /* Base */,
			);
			name = Main.storyboard;
			sourceTree = "<group>";
		};
		CEDD9A66211BD35C00CBCD4A /* LaunchScreen.storyboard */ = {
			isa = PBXVariantGroup;
			children = (
				CEDD9A67211BD35C00CBCD4A /* Base */,
			);
			name = LaunchScreen.storyboard;
			sourceTree = "<group>";
		};
/* End PBXVariantGroup section */

/* Begin XCBuildConfiguration section */
		CEDD9A6A211BD35C00CBCD4A /* Debug */ = {
			isa = XCBuildConfiguration;
			buildSettings = {
				ALWAYS_SEARCH_USER_PATHS = NO;
				CLANG_ANALYZER_NONNULL = YES;
				CLANG_ANALYZER_NUMBER_OBJECT_CONVERSION = YES_AGGRESSIVE;
				CLANG_CXX_LANGUAGE_STANDARD = "gnu++14";
				CLANG_CXX_LIBRARY = "libc++";
				CLANG_ENABLE_MODULES = YES;
				CLANG_ENABLE_OBJC_ARC = YES;
				CLANG_ENABLE_OBJC_WEAK = YES;
				CLANG_WARN_BLOCK_CAPTURE_AUTORELEASING = YES;
				CLANG_WARN_BOOL_CONVERSION = YES;
				CLANG_WARN_COMMA = YES;
				CLANG_WARN_CONSTANT_CONVERSION = YES;
				CLANG_WARN_DEPRECATED_OBJC_IMPLEMENTATIONS = YES;
				CLANG_WARN_DIRECT_OBJC_ISA_USAGE = YES_ERROR;
				CLANG_WARN_DOCUMENTATION_COMMENTS = YES;
				CLANG_WARN_EMPTY_BODY = YES;
				CLANG_WARN_ENUM_CONVERSION = YES;
				CLANG_WARN_INFINITE_RECURSION = YES;
				CLANG_WARN_INT_CONVERSION = YES;
				CLANG_WARN_NON_LITERAL_NULL_CONVERSION = YES;
				CLANG_WARN_OBJC_IMPLICIT_RETAIN_SELF = YES;
				CLANG_WARN_OBJC_LITERAL_CONVERSION = YES;
				CLANG_WARN_OBJC_ROOT_CLASS = YES_ERROR;
				CLANG_WARN_RANGE_LOOP_ANALYSIS = YES;
				CLANG_WARN_STRICT_PROTOTYPES = YES;
				CLANG_WARN_SUSPICIOUS_MOVE = YES;
				CLANG_WARN_UNGUARDED_AVAILABILITY = YES_AGGRESSIVE;
				CLANG_WARN_UNREACHABLE_CODE = YES;
				CLANG_WARN__DUPLICATE_METHOD_MATCH = YES;
				CODE_SIGN_IDENTITY = "iPhone Developer";
				COPY_PHASE_STRIP = NO;
				DEBUG_INFORMATION_FORMAT = dwarf;
				ENABLE_STRICT_OBJC_MSGSEND = YES;
				ENABLE_TESTABILITY = YES;
				GCC_C_LANGUAGE_STANDARD = gnu11;
				GCC_DYNAMIC_NO_PIC = NO;
				GCC_NO_COMMON_BLOCKS = YES;
				GCC_OPTIMIZATION_LEVEL = 0;
				GCC_PREPROCESSOR_DEFINITIONS = (
					"DEBUG=1",
					"$(inherited)",
				);
				GCC_WARN_64_TO_32_BIT_CONVERSION = YES;
				GCC_WARN_ABOUT_RETURN_TYPE = YES_ERROR;
				GCC_WARN_UNDECLARED_SELECTOR = YES;
				GCC_WARN_UNINITIALIZED_AUTOS = YES_AGGRESSIVE;
				GCC_WARN_UNUSED_FUNCTION = YES;
				GCC_WARN_UNUSED_VARIABLE = YES;
				IPHONEOS_DEPLOYMENT_TARGET = 11.4;
				MTL_ENABLE_DEBUG_INFO = YES;
				ONLY_ACTIVE_ARCH = YES;
				SDKROOT = iphoneos;
				SWIFT_ACTIVE_COMPILATION_CONDITIONS = DEBUG;
				SWIFT_OPTIMIZATION_LEVEL = "-Onone";
			};
			name = Debug;
		};
		CEDD9A6B211BD35C00CBCD4A /* Release */ = {
			isa = XCBuildConfiguration;
			buildSettings = {
				ALWAYS_SEARCH_USER_PATHS = NO;
				CLANG_ANALYZER_NONNULL = YES;
				CLANG_ANALYZER_NUMBER_OBJECT_CONVERSION = YES_AGGRESSIVE;
				CLANG_CXX_LANGUAGE_STANDARD = "gnu++14";
				CLANG_CXX_LIBRARY = "libc++";
				CLANG_ENABLE_MODULES = YES;
				CLANG_ENABLE_OBJC_ARC = YES;
				CLANG_ENABLE_OBJC_WEAK = YES;
				CLANG_WARN_BLOCK_CAPTURE_AUTORELEASING = YES;
				CLANG_WARN_BOOL_CONVERSION = YES;
				CLANG_WARN_COMMA = YES;
				CLANG_WARN_CONSTANT_CONVERSION = YES;
				CLANG_WARN_DEPRECATED_OBJC_IMPLEMENTATIONS = YES;
				CLANG_WARN_DIRECT_OBJC_ISA_USAGE = YES_ERROR;
				CLANG_WARN_DOCUMENTATION_COMMENTS = YES;
				CLANG_WARN_EMPTY_BODY = YES;
				CLANG_WARN_ENUM_CONVERSION = YES;
				CLANG_WARN_INFINITE_RECURSION = YES;
				CLANG_WARN_INT_CONVERSION = YES;
				CLANG_WARN_NON_LITERAL_NULL_CONVERSION = YES;
				CLANG_WARN_OBJC_IMPLICIT_RETAIN_SELF = YES;
				CLANG_WARN_OBJC_LITERAL_CONVERSION = YES;
				CLANG_WARN_OBJC_ROOT_CLASS = YES_ERROR;
				CLANG_WARN_RANGE_LOOP_ANALYSIS = YES;
				CLANG_WARN_STRICT_PROTOTYPES = YES;
				CLANG_WARN_SUSPICIOUS_MOVE = YES;
				CLANG_WARN_UNGUARDED_AVAILABILITY = YES_AGGRESSIVE;
				CLANG_WARN_UNREACHABLE_CODE = YES;
				CLANG_WARN__DUPLICATE_METHOD_MATCH = YES;
				CODE_SIGN_IDENTITY = "iPhone Developer";
				COPY_PHASE_STRIP = NO;
				DEBUG_INFORMATION_FORMAT = "dwarf-with-dsym";
				ENABLE_NS_ASSERTIONS = NO;
				ENABLE_STRICT_OBJC_MSGSEND = YES;
				GCC_C_LANGUAGE_STANDARD = gnu11;
				GCC_NO_COMMON_BLOCKS = YES;
				GCC_WARN_64_TO_32_BIT_CONVERSION = YES;
				GCC_WARN_ABOUT_RETURN_TYPE = YES_ERROR;
				GCC_WARN_UNDECLARED_SELECTOR = YES;
				GCC_WARN_UNINITIALIZED_AUTOS = YES_AGGRESSIVE;
				GCC_WARN_UNUSED_FUNCTION = YES;
				GCC_WARN_UNUSED_VARIABLE = YES;
				IPHONEOS_DEPLOYMENT_TARGET = 11.4;
				MTL_ENABLE_DEBUG_INFO = NO;
				SDKROOT = iphoneos;
				SWIFT_COMPILATION_MODE = wholemodule;
				SWIFT_OPTIMIZATION_LEVEL = "-O";
				VALIDATE_PRODUCT = YES;
			};
			name = Release;
		};
		CEDD9A6D211BD35C00CBCD4A /* Debug */ = {
			isa = XCBuildConfiguration;
			buildSettings = {
				ALWAYS_EMBED_SWIFT_STANDARD_LIBRARIES = YES;
				ASSETCATALOG_COMPILER_APPICON_NAME = AppIcon;
				CODE_SIGN_ENTITLEMENTS = ADFilter/ADFilter.entitlements;
				CODE_SIGN_STYLE = Automatic;
				DEVELOPMENT_TEAM = KGX46L2U6T;
				INFOPLIST_FILE = ADFilter/Info.plist;
				LD_RUNPATH_SEARCH_PATHS = (
					"$(inherited)",
					"@executable_path/Frameworks",
				);
				PRODUCT_BUNDLE_IDENTIFIER = org.dev.ADFilter;
				PRODUCT_NAME = "$(TARGET_NAME)";
				SWIFT_VERSION = 4.0;
				TARGETED_DEVICE_FAMILY = "1,2";
			};
			name = Debug;
		};
		CEDD9A6E211BD35C00CBCD4A /* Release */ = {
			isa = XCBuildConfiguration;
			buildSettings = {
				ALWAYS_EMBED_SWIFT_STANDARD_LIBRARIES = YES;
				ASSETCATALOG_COMPILER_APPICON_NAME = AppIcon;
				CODE_SIGN_ENTITLEMENTS = ADFilter/ADFilter.entitlements;
				CODE_SIGN_STYLE = Automatic;
				DEVELOPMENT_TEAM = KGX46L2U6T;
				INFOPLIST_FILE = ADFilter/Info.plist;
				LD_RUNPATH_SEARCH_PATHS = (
					"$(inherited)",
					"@executable_path/Frameworks",
				);
				PRODUCT_BUNDLE_IDENTIFIER = org.dev.ADFilter;
				PRODUCT_NAME = "$(TARGET_NAME)";
				SWIFT_VERSION = 4.0;
				TARGETED_DEVICE_FAMILY = "1,2";
			};
			name = Release;
		};
		CEDD9A7E211BD62300CBCD4A /* Debug */ = {
			isa = XCBuildConfiguration;
			buildSettings = {
				ARCHS = "$(ARCHS_STANDARD_64_BIT)";
				CODE_SIGN_ENTITLEMENTS = blocker/blocker.entitlements;
				CODE_SIGN_STYLE = Automatic;
				DEVELOPMENT_TEAM = KGX46L2U6T;
				INFOPLIST_FILE = blocker/Info.plist;
				LD_RUNPATH_SEARCH_PATHS = (
					"$(inherited)",
					"@executable_path/Frameworks",
					"@executable_path/../../Frameworks",
				);
				PRODUCT_BUNDLE_IDENTIFIER = org.dev.ADFilter.blocker;
				PRODUCT_NAME = "$(TARGET_NAME)";
				SKIP_INSTALL = YES;
				SWIFT_VERSION = 4.0;
				TARGETED_DEVICE_FAMILY = "1,2";
			};
			name = Debug;
		};
		CEDD9A7F211BD62300CBCD4A /* Release */ = {
			isa = XCBuildConfiguration;
			buildSettings = {
				ARCHS = "$(ARCHS_STANDARD_64_BIT)";
				CODE_SIGN_ENTITLEMENTS = blocker/blocker.entitlements;
				CODE_SIGN_STYLE = Automatic;
				DEVELOPMENT_TEAM = KGX46L2U6T;
				INFOPLIST_FILE = blocker/Info.plist;
				LD_RUNPATH_SEARCH_PATHS = (
					"$(inherited)",
					"@executable_path/Frameworks",
					"@executable_path/../../Frameworks",
				);
				PRODUCT_BUNDLE_IDENTIFIER = org.dev.ADFilter.blocker;
				PRODUCT_NAME = "$(TARGET_NAME)";
				SKIP_INSTALL = YES;
				SWIFT_VERSION = 4.0;
				TARGETED_DEVICE_FAMILY = "1,2";
			};
			name = Release;
		};
/* End XCBuildConfiguration section */

/* Begin XCConfigurationList section */
		CEDD9A55211BD35B00CBCD4A /* Build configuration list for PBXProject "ADFilter" */ = {
			isa = XCConfigurationList;
			buildConfigurations = (
				CEDD9A6A211BD35C00CBCD4A /* Debug */,
				CEDD9A6B211BD35C00CBCD4A /* Release */,
			);
			defaultConfigurationIsVisible = 0;
			defaultConfigurationName = Release;
		};
		CEDD9A6C211BD35C00CBCD4A /* Build configuration list for PBXNativeTarget "ADFilter" */ = {
			isa = XCConfigurationList;
			buildConfigurations = (
				CEDD9A6D211BD35C00CBCD4A /* Debug */,
				CEDD9A6E211BD35C00CBCD4A /* Release */,
			);
			defaultConfigurationIsVisible = 0;
			defaultConfigurationName = Release;
		};
		CEDD9A7D211BD62300CBCD4A /* Build configuration list for PBXNativeTarget "blocker" */ = {
			isa = XCConfigurationList;
			buildConfigurations = (
				CEDD9A7E211BD62300CBCD4A /* Debug */,
				CEDD9A7F211BD62300CBCD4A /* Release */,
			);
			defaultConfigurationIsVisible = 0;
			defaultConfigurationName = Release;
		};
/* End XCConfigurationList section */
	};
	rootObject = CEDD9A52211BD35B00CBCD4A /* Project object */;
}
